<?xml version="1.0" encoding="utf-8"?>
<Project ToolsVersion="4.0" xmlns="http://schemas.microsoft.com/developer/msbuild/2003">
  <ItemGroup>
    <Filter Include="Source Files">
      <UniqueIdentifier>{55a15433-8f2c-458e-992e-4b5485556f63}</UniqueIdentifier>
      <Extensions>cpp;c;cxx;rc;def;r;odl;idl;hpj;bat</Extensions>
    </Filter>
    <Filter Include="Header Files">
      <UniqueIdentifier>{7adf0ef1-2388-44ef-aec4-a0a054141d21}</UniqueIdentifier>
      <Extensions>h;hpp;hxx;hm;inl</Extensions>
    </Filter>
    <Filter Include="Resource Files">
      <UniqueIdentifier>{36803b0b-ab92-4e4d-842d-6f4e91a3ccd3}</UniqueIdentifier>
      <Extensions>ico;cur;bmp;dlg;rc2;rct;bin;rgs;gif;jpg;jpeg;jpe</Extensions>
    </Filter>
  </ItemGroup>
  <ItemGroup>
    <ClCompile Include="dllmain.cpp">
      <Filter>Source Files</Filter>
    </ClCompile>
    <ClCompile Include="..\MQ3DLib.cpp">
      <Filter>Source Files</Filter>
    </ClCompile>
    <ClCompile Include="..\MQBasePlugin.cpp">
      <Filter>Source Files</Filter>
    </ClCompile>
    <ClCompile Include="..\MQInit.cpp">
      <Filter>Source Files</Filter>
    </ClCompile>
    <ClCompile Include="..\MQPlugin.cpp">
      <Filter>Source Files</Filter>
    </ClCompile>
    <ClCompile Include="..\MQSetting.cpp">
      <Filter>Source Files</Filter>
    </ClCompile>
    <ClCompile Include="..\MQWidget.cpp">
      <Filter>Source Files</Filter>
    </ClCompile>
    <ClCompile Include="stdafx.cpp">
      <Filter>Source Files</Filter>
    </ClCompile>
    <ClCompile Include="ExpGltf.cpp">
      <Filter>Source Files</Filter>
    </ClCompile>
    <ClCompile Include="JSonWriter.cpp">
      <Filter>Source Files</Filter>
    </ClCompile>
  </ItemGroup>
  <ItemGroup>
    <ClInclude Include="..\MQ3DLib.h">
      <Filter>Header Files</Filter>
    </ClInclude>
    <ClInclude Include="..\MQBasePlugin.h">
      <Filter>Header Files</Filter>
    </ClInclude>
    <ClInclude Include="..\MQPlugin.h">
      <Filter>Header Files</Filter>
    </ClInclude>
    <ClInclude Include="..\MQSetting.h">
      <Filter>Header Files</Filter>
    </ClInclude>
    <ClInclude Include="..\MQWidget.h">
      <Filter>Header Files</Filter>
    </ClInclude>
    <ClInclude Include="targetver.h">
      <Filter>Header Files</Filter>
    </ClInclude>
    <ClInclude Include="JSonWriter.h">
      <Filter>Header Files</Filter>
    </ClInclude>
  </ItemGroup>
</Project>